
Microsoft Visual Studio Solution File, Format Version 12.00
# Visual Studio Version 17
VisualStudioVersion = 17.5.002.0
MinimumVisualStudioVersion = 10.0.40219.1
Project("{9A19103F-16F7-4668-BE54-9A1E7A4F7556}") = "crud-dotnet-api", "crud-dotnet-api.csproj", "{5E2FC424-99CB-45E2-A022-69A812917FDA}"
EndProject
Global
	GlobalSection(SolutionConfigurationPlatforms) = preSolution
		Debug|Any CPU = Debug|Any CPU
		Release|Any CPU = Release|Any CPU
	EndGlobalSection
	GlobalSection(ProjectConfigurationPlatforms) = postSolution
		{5E2FC424-99CB-45E2-A022-69A812917FDA}.Debug|Any CPU.ActiveCfg = Debug|Any CPU
		{5E2FC424-99CB-45E2-A022-69A812917FDA}.Debug|Any CPU.Build.0 = Debug|Any CPU
		{5E2FC424-99CB-45E2-A022-69A812917FDA}.Release|Any CPU.ActiveCfg = Release|Any CPU
		{5E2FC424-99CB-45E2-A022-69A812917FDA}.Release|Any CPU.Build.0 = Release|Any CPU
	EndGlobalSection
	GlobalSection(SolutionProperties) = preSolution
		HideSolutionNode = FALSE
	EndGlobalSection
	GlobalSection(ExtensibilityGlobals) = postSolution
		SolutionGuid = {EAB72CE7-DBAD-4C8A-B58C-4C4146253B08}
	EndGlobalSection
EndGlobal
